
Microsoft Visual Studio Solution File, Format Version 12.00
# Visual Studio 15
Project("{FAE04EC0-301F-11D3-BF4B-00C04F79EFBC}") = "Library", "Library\Library.csproj", "{D436EEE1-20A8-4345-9666-BBB4EFEF9C29}"
EndProject
Project("{FAE04EC0-301F-11D3-BF4B-00C04F79EFBC}") = "Core", "Core\Core.csproj", "{CD99BE2A-C921-4CCD-8A9C-2228C9B09ECE}"
EndProject
Global
	GlobalSection(SolutionConfigurationPlatforms) = preSolution
		Debug|Any CPU = Debug|Any CPU
		Release|Any CPU = Release|Any CPU
	EndGlobalSection
	GlobalSection(ProjectConfigurationPlatforms) = postSolution
		{D436EEE1-20A8-4345-9666-BBB4EFEF9C29}.Debug|Any CPU.ActiveCfg = Debug|Any CPU
		{D436EEE1-20A8-4345-9666-BBB4EFEF9C29}.Debug|Any CPU.Build.0 = Debug|Any CPU
		{D436EEE1-20A8-4345-9666-BBB4EFEF9C29}.Release|Any CPU.ActiveCfg = Release|Any CPU
		{D436EEE1-20A8-4345-9666-BBB4EFEF9C29}.Release|Any CPU.Build.0 = Release|Any CPU
		{CD99BE2A-C921-4CCD-8A9C-2228C9B09ECE}.Debug|Any CPU.ActiveCfg = Debug|Any CPU
		{CD99BE2A-C921-4CCD-8A9C-2228C9B09ECE}.Debug|Any CPU.Build.0 = Debug|Any CPU
		{CD99BE2A-C921-4CCD-8A9C-2228C9B09ECE}.Release|Any CPU.ActiveCfg = Release|Any CPU
		{CD99BE2A-C921-4CCD-8A9C-2228C9B09ECE}.Release|Any CPU.Build.0 = Release|Any CPU
	EndGlobalSection
EndGlobal
